
Microsoft Visual Studio Solution File, Format Version 12.00
# Visual Studio Version 17
VisualStudioVersion = 17.9.34902.65
MinimumVisualStudioVersion = 10.0.40219.1
Project("{9A19103F-16F7-4668-BE54-9A1E7A4F7556}") = "APIGateway_YARP", "Gateway\APIGateway_YARP.csproj", "{32B0C7AC-CA03-4454-A15C-21BD17970BCD}"
EndProject
Project("{9A19103F-16F7-4668-BE54-9A1E7A4F7556}") = "FinanceService", "FinanceService\FinanceService.csproj", "{5F89DB8E-3B48-436D-857F-7B5675E50778}"
EndProject
Project("{9A19103F-16F7-4668-BE54-9A1E7A4F7556}") = "InventoryService", "InventoryService\InventoryService.csproj", "{FBFBBFEC-DBB0-46D8-ADB6-482CB5CC19FC}"
EndProject
Global
	GlobalSection(SolutionConfigurationPlatforms) = preSolution
		Debug|Any CPU = Debug|Any CPU
		Release|Any CPU = Release|Any CPU
	EndGlobalSection
	GlobalSection(ProjectConfigurationPlatforms) = postSolution
		{32B0C7AC-CA03-4454-A15C-21BD17970BCD}.Debug|Any CPU.ActiveCfg = Debug|Any CPU
		{32B0C7AC-CA03-4454-A15C-21BD17970BCD}.Debug|Any CPU.Build.0 = Debug|Any CPU
		{32B0C7AC-CA03-4454-A15C-21BD17970BCD}.Release|Any CPU.ActiveCfg = Release|Any CPU
		{32B0C7AC-CA03-4454-A15C-21BD17970BCD}.Release|Any CPU.Build.0 = Release|Any CPU
		{5F89DB8E-3B48-436D-857F-7B5675E50778}.Debug|Any CPU.ActiveCfg = Debug|Any CPU
		{5F89DB8E-3B48-436D-857F-7B5675E50778}.Debug|Any CPU.Build.0 = Debug|Any CPU
		{5F89DB8E-3B48-436D-857F-7B5675E50778}.Release|Any CPU.ActiveCfg = Release|Any CPU
		{5F89DB8E-3B48-436D-857F-7B5675E50778}.Release|Any CPU.Build.0 = Release|Any CPU
		{FBFBBFEC-DBB0-46D8-ADB6-482CB5CC19FC}.Debug|Any CPU.ActiveCfg = Debug|Any CPU
		{FBFBBFEC-DBB0-46D8-ADB6-482CB5CC19FC}.Debug|Any CPU.Build.0 = Debug|Any CPU
		{FBFBBFEC-DBB0-46D8-ADB6-482CB5CC19FC}.Release|Any CPU.ActiveCfg = Release|Any CPU
		{FBFBBFEC-DBB0-46D8-ADB6-482CB5CC19FC}.Release|Any CPU.Build.0 = Release|Any CPU
	EndGlobalSection
	GlobalSection(SolutionProperties) = preSolution
		HideSolutionNode = FALSE
	EndGlobalSection
	GlobalSection(ExtensibilityGlobals) = postSolution
		SolutionGuid = {086C09D8-5B10-4451-9288-78B4F22E017D}
	EndGlobalSection
EndGlobal
